// !$*UTF8*$!
{
	archiveVersion = 1;
	classes = {
	};
	objectVersion = 46;
	objects = {

/* Begin PBXBuildFile section */
		2602201D18B3AFBD00EBB269 /* GalleryViewController.m in Sources */ = {isa = PBXBuildFile; fileRef = 2602201B18B3AFBD00EBB269 /* GalleryViewController.m */; };
		2602201E18B3AFBD00EBB269 /* GalleryViewController.xib in Resources */ = {isa = PBXBuildFile; fileRef = 2602201C18B3AFBD00EBB269 /* GalleryViewController.xib */; };
		2602202218B3B2CB00EBB269 /* GalleryCell.m in Sources */ = {isa = PBXBuildFile; fileRef = 2602202118B3B2CB00EBB269 /* GalleryCell.m */; };
		2602202418B3B2D900EBB269 /* GalleryCell.xib in Resources */ = {isa = PBXBuildFile; fileRef = 2602202318B3B2D900EBB269 /* GalleryCell.xib */; };
		2602202718B3C84300EBB269 /* UIImageView+AspectSize.m in Sources */ = {isa = PBXBuildFile; fileRef = 2602202618B3C84300EBB269 /* UIImageView+AspectSize.m */; };
		2602202D18B3E3EC00EBB269 /* GalleryFlowLayout.m in Sources */ = {isa = PBXBuildFile; fileRef = 2602202C18B3E3EC00EBB269 /* GalleryFlowLayout.m */; };
		2602203118B4069C00EBB269 /* NewAlbumViewController.m in Sources */ = {isa = PBXBuildFile; fileRef = 2602202F18B4069C00EBB269 /* NewAlbumViewController.m */; };
		2602203218B4069C00EBB269 /* NewAlbumViewController.xib in Resources */ = {isa = PBXBuildFile; fileRef = 2602203018B4069C00EBB269 /* NewAlbumViewController.xib */; };
		2602203618B41B9D00EBB269 /* AssetPickerViewController.m in Sources */ = {isa = PBXBuildFile; fileRef = 2602203418B41B9D00EBB269 /* AssetPickerViewController.m */; };
		2602203718B41B9D00EBB269 /* AssetPickerViewController.xib in Resources */ = {isa = PBXBuildFile; fileRef = 2602203518B41B9D00EBB269 /* AssetPickerViewController.xib */; };
		260B42B018B2503300ABCC6A /* Foundation.framework in Frameworks */ = {isa = PBXBuildFile; fileRef = 260B42AF18B2503300ABCC6A /* Foundation.framework */; };
		260B42B218B2503300ABCC6A /* CoreGraphics.framework in Frameworks */ = {isa = PBXBuildFile; fileRef = 260B42B118B2503300ABCC6A /* CoreGraphics.framework */; };
		260B42B418B2503300ABCC6A /* UIKit.framework in Frameworks */ = {isa = PBXBuildFile; fileRef = 260B42B318B2503300ABCC6A /* UIKit.framework */; };
		260B42BA18B2503300ABCC6A /* InfoPlist.strings in Resources */ = {isa = PBXBuildFile; fileRef = 260B42B818B2503300ABCC6A /* InfoPlist.strings */; };
		260B42BC18B2503300ABCC6A /* main.m in Sources */ = {isa = PBXBuildFile; fileRef = 260B42BB18B2503300ABCC6A /* main.m */; };
		260B42C018B2503300ABCC6A /* AppDelegate.m in Sources */ = {isa = PBXBuildFile; fileRef = 260B42BF18B2503300ABCC6A /* AppDelegate.m */; };
		260B42C918B2503300ABCC6A /* XCTest.framework in Frameworks */ = {isa = PBXBuildFile; fileRef = 260B42C818B2503300ABCC6A /* XCTest.framework */; };
		260B42CA18B2503300ABCC6A /* Foundation.framework in Frameworks */ = {isa = PBXBuildFile; fileRef = 260B42AF18B2503300ABCC6A /* Foundation.framework */; };
		260B42CB18B2503300ABCC6A /* UIKit.framework in Frameworks */ = {isa = PBXBuildFile; fileRef = 260B42B318B2503300ABCC6A /* UIKit.framework */; };
		260B42D318B2503300ABCC6A /* InfoPlist.strings in Resources */ = {isa = PBXBuildFile; fileRef = 260B42D118B2503300ABCC6A /* InfoPlist.strings */; };
		260B42D518B2503400ABCC6A /* Digital_AlbumTests.m in Sources */ = {isa = PBXBuildFile; fileRef = 260B42D418B2503400ABCC6A /* Digital_AlbumTests.m */; };
		260B42F418B2556700ABCC6A /* AlbumsViewController.m in Sources */ = {isa = PBXBuildFile; fileRef = 260B42F218B2556700ABCC6A /* AlbumsViewController.m */; };
		260B42F518B2556700ABCC6A /* AlbumsViewController.xib in Resources */ = {isa = PBXBuildFile; fileRef = 260B42F318B2556700ABCC6A /* AlbumsViewController.xib */; };
		260B42F818B25C7100ABCC6A /* ImageManager.m in Sources */ = {isa = PBXBuildFile; fileRef = 260B42F718B25C7100ABCC6A /* ImageManager.m */; };
		260B42FB18B25DA400ABCC6A /* DAImage.m in Sources */ = {isa = PBXBuildFile; fileRef = 260B42FA18B25DA400ABCC6A /* DAImage.m */; };
		260B430018B2647700ABCC6A /* DAAlbum.m in Sources */ = {isa = PBXBuildFile; fileRef = 260B42FF18B2647700ABCC6A /* DAAlbum.m */; };
		260B430318B26E4800ABCC6A /* AlbumCell.m in Sources */ = {isa = PBXBuildFile; fileRef = 260B430218B26E4800ABCC6A /* AlbumCell.m */; };
		260B430518B26E5D00ABCC6A /* AlbumCell.xib in Resources */ = {isa = PBXBuildFile; fileRef = 260B430418B26E5D00ABCC6A /* AlbumCell.xib */; };
		260B430E18B27A4800ABCC6A /* AlbumViewController.m in Sources */ = {isa = PBXBuildFile; fileRef = 260B430C18B27A4800ABCC6A /* AlbumViewController.m */; };
		260B430F18B27A4800ABCC6A /* AlbumViewController.xib in Resources */ = {isa = PBXBuildFile; fileRef = 260B430D18B27A4800ABCC6A /* AlbumViewController.xib */; };
		260B431318B27DE400ABCC6A /* AlbumPageViewController.m in Sources */ = {isa = PBXBuildFile; fileRef = 260B431118B27DE400ABCC6A /* AlbumPageViewController.m */; };
		260B431418B27DE400ABCC6A /* AlbumPageViewController.xib in Resources */ = {isa = PBXBuildFile; fileRef = 260B431218B27DE400ABCC6A /* AlbumPageViewController.xib */; };
		262739EB18B3080900441831 /* Images.xcassets in Resources */ = {isa = PBXBuildFile; fileRef = 262739EA18B3080900441831 /* Images.xcassets */; };
/* End PBXBuildFile section */

/* Begin PBXContainerItemProxy section */
		260B42CC18B2503300ABCC6A /* PBXContainerItemProxy */ = {
			isa = PBXContainerItemProxy;
			containerPortal = 260B42A418B2503300ABCC6A /* Project object */;
			proxyType = 1;
			remoteGlobalIDString = 260B42AB18B2503300ABCC6A;
			remoteInfo = "Digital Album";
		};
/* End PBXContainerItemProxy section */

/* Begin PBXFileReference section */
		2602201A18B3AFBD00EBB269 /* GalleryViewController.h */ = {isa = PBXFileReference; fileEncoding = 4; lastKnownFileType = sourcecode.c.h; name = GalleryViewController.h; path = "Digital Album/Application/Gallery/GalleryViewController.h"; sourceTree = SOURCE_ROOT; };
		2602201B18B3AFBD00EBB269 /* GalleryViewController.m */ = {isa = PBXFileReference; fileEncoding = 4; lastKnownFileType = sourcecode.c.objc; name = GalleryViewController.m; path = "Digital Album/Application/Gallery/GalleryViewController.m"; sourceTree = SOURCE_ROOT; };
		2602201C18B3AFBD00EBB269 /* GalleryViewController.xib */ = {isa = PBXFileReference; fileEncoding = 4; lastKnownFileType = file.xib; name = GalleryViewController.xib; path = "Digital Album/Application/Gallery/GalleryViewController.xib"; sourceTree = SOURCE_ROOT; };
		2602202018B3B2CB00EBB269 /* GalleryCell.h */ = {isa = PBXFileReference; fileEncoding = 4; lastKnownFileType = sourcecode.c.h; path = GalleryCell.h; sourceTree = "<group>"; };
		2602202118B3B2CB00EBB269 /* GalleryCell.m */ = {isa = PBXFileReference; fileEncoding = 4; lastKnownFileType = sourcecode.c.objc; path = GalleryCell.m; sourceTree = "<group>"; };
		2602202318B3B2D900EBB269 /* GalleryCell.xib */ = {isa = PBXFileReference; fileEncoding = 4; lastKnownFileType = file.xib; path = GalleryCell.xib; sourceTree = "<group>"; };
		2602202518B3C84300EBB269 /* UIImageView+AspectSize.h */ = {isa = PBXFileReference; fileEncoding = 4; lastKnownFileType = sourcecode.c.h; path = "UIImageView+AspectSize.h"; sourceTree = "<group>"; };
		2602202618B3C84300EBB269 /* UIImageView+AspectSize.m */ = {isa = PBXFileReference; fileEncoding = 4; lastKnownFileType = sourcecode.c.objc; path = "UIImageView+AspectSize.m"; sourceTree = "<group>"; };
		2602202B18B3E3EC00EBB269 /* GalleryFlowLayout.h */ = {isa = PBXFileReference; fileEncoding = 4; lastKnownFileType = sourcecode.c.h; name = GalleryFlowLayout.h; path = Gallery/GalleryFlowLayout.h; sourceTree = "<group>"; };
		2602202C18B3E3EC00EBB269 /* GalleryFlowLayout.m */ = {isa = PBXFileReference; fileEncoding = 4; lastKnownFileType = sourcecode.c.objc; name = GalleryFlowLayout.m; path = Gallery/GalleryFlowLayout.m; sourceTree = "<group>"; };
		2602202E18B4069C00EBB269 /* NewAlbumViewController.h */ = {isa = PBXFileReference; fileEncoding = 4; lastKnownFileType = sourcecode.c.h; path = NewAlbumViewController.h; sourceTree = "<group>"; };
		2602202F18B4069C00EBB269 /* NewAlbumViewController.m */ = {isa = PBXFileReference; fileEncoding = 4; lastKnownFileType = sourcecode.c.objc; path = NewAlbumViewController.m; sourceTree = "<group>"; };
		2602203018B4069C00EBB269 /* NewAlbumViewController.xib */ = {isa = PBXFileReference; fileEncoding = 4; lastKnownFileType = file.xib; path = NewAlbumViewController.xib; sourceTree = "<group>"; };
		2602203318B41B9D00EBB269 /* AssetPickerViewController.h */ = {isa = PBXFileReference; fileEncoding = 4; lastKnownFileType = sourcecode.c.h; name = AssetPickerViewController.h; path = "Digital Album/Application/Picker/AssetPickerViewController.h"; sourceTree = SOURCE_ROOT; };
		2602203418B41B9D00EBB269 /* AssetPickerViewController.m */ = {isa = PBXFileReference; fileEncoding = 4; lastKnownFileType = sourcecode.c.objc; name = AssetPickerViewController.m; path = "Digital Album/Application/Picker/AssetPickerViewController.m"; sourceTree = SOURCE_ROOT; };
		2602203518B41B9D00EBB269 /* AssetPickerViewController.xib */ = {isa = PBXFileReference; fileEncoding = 4; lastKnownFileType = file.xib; name = AssetPickerViewController.xib; path = "Digital Album/Application/Picker/AssetPickerViewController.xib"; sourceTree = SOURCE_ROOT; };
		260B42AC18B2503300ABCC6A /* Digital Album.app */ = {isa = PBXFileReference; explicitFileType = wrapper.application; includeInIndex = 0; path = "Digital Album.app"; sourceTree = BUILT_PRODUCTS_DIR; };
		260B42AF18B2503300ABCC6A /* Foundation.framework */ = {isa = PBXFileReference; lastKnownFileType = wrapper.framework; name = Foundation.framework; path = System/Library/Frameworks/Foundation.framework; sourceTree = SDKROOT; };
		260B42B118B2503300ABCC6A /* CoreGraphics.framework */ = {isa = PBXFileReference; lastKnownFileType = wrapper.framework; name = CoreGraphics.framework; path = System/Library/Frameworks/CoreGraphics.framework; sourceTree = SDKROOT; };
		260B42B318B2503300ABCC6A /* UIKit.framework */ = {isa = PBXFileReference; lastKnownFileType = wrapper.framework; name = UIKit.framework; path = System/Library/Frameworks/UIKit.framework; sourceTree = SDKROOT; };
		260B42B718B2503300ABCC6A /* Digital Album-Info.plist */ = {isa = PBXFileReference; lastKnownFileType = text.plist.xml; path = "Digital Album-Info.plist"; sourceTree = "<group>"; };
		260B42B918B2503300ABCC6A /* en */ = {isa = PBXFileReference; lastKnownFileType = text.plist.strings; name = en; path = en.lproj/InfoPlist.strings; sourceTree = "<group>"; };
		260B42BB18B2503300ABCC6A /* main.m */ = {isa = PBXFileReference; lastKnownFileType = sourcecode.c.objc; path = main.m; sourceTree = "<group>"; };
		260B42BD18B2503300ABCC6A /* Digital Album-Prefix.pch */ = {isa = PBXFileReference; lastKnownFileType = sourcecode.c.h; path = "Digital Album-Prefix.pch"; sourceTree = "<group>"; };
		260B42BE18B2503300ABCC6A /* AppDelegate.h */ = {isa = PBXFileReference; lastKnownFileType = sourcecode.c.h; path = AppDelegate.h; sourceTree = "<group>"; };
		260B42BF18B2503300ABCC6A /* AppDelegate.m */ = {isa = PBXFileReference; lastKnownFileType = sourcecode.c.objc; path = AppDelegate.m; sourceTree = "<group>"; };
		260B42C718B2503300ABCC6A /* Digital AlbumTests.xctest */ = {isa = PBXFileReference; explicitFileType = wrapper.cfbundle; includeInIndex = 0; path = "Digital AlbumTests.xctest"; sourceTree = BUILT_PRODUCTS_DIR; };
		260B42C818B2503300ABCC6A /* XCTest.framework */ = {isa = PBXFileReference; lastKnownFileType = wrapper.framework; name = XCTest.framework; path = Library/Frameworks/XCTest.framework; sourceTree = DEVELOPER_DIR; };
		260B42D018B2503300ABCC6A /* Digital AlbumTests-Info.plist */ = {isa = PBXFileReference; lastKnownFileType = text.plist.xml; path = "Digital AlbumTests-Info.plist"; sourceTree = "<group>"; };
		260B42D218B2503300ABCC6A /* en */ = {isa = PBXFileReference; lastKnownFileType = text.plist.strings; name = en; path = en.lproj/InfoPlist.strings; sourceTree = "<group>"; };
		260B42D418B2503400ABCC6A /* Digital_AlbumTests.m */ = {isa = PBXFileReference; lastKnownFileType = sourcecode.c.objc; path = Digital_AlbumTests.m; sourceTree = "<group>"; };
		260B42F118B2556700ABCC6A /* AlbumsViewController.h */ = {isa = PBXFileReference; fileEncoding = 4; lastKnownFileType = sourcecode.c.h; path = AlbumsViewController.h; sourceTree = "<group>"; };
		260B42F218B2556700ABCC6A /* AlbumsViewController.m */ = {isa = PBXFileReference; fileEncoding = 4; lastKnownFileType = sourcecode.c.objc; path = AlbumsViewController.m; sourceTree = "<group>"; };
		260B42F318B2556700ABCC6A /* AlbumsViewController.xib */ = {isa = PBXFileReference; fileEncoding = 4; lastKnownFileType = file.xib; path = AlbumsViewController.xib; sourceTree = "<group>"; };
		260B42F618B25C7100ABCC6A /* ImageManager.h */ = {isa = PBXFileReference; fileEncoding = 4; lastKnownFileType = sourcecode.c.h; path = ImageManager.h; sourceTree = "<group>"; };
		260B42F718B25C7100ABCC6A /* ImageManager.m */ = {isa = PBXFileReference; fileEncoding = 4; lastKnownFileType = sourcecode.c.objc; path = ImageManager.m; sourceTree = "<group>"; };
		260B42F918B25DA400ABCC6A /* DAImage.h */ = {isa = PBXFileReference; fileEncoding = 4; lastKnownFileType = sourcecode.c.h; path = DAImage.h; sourceTree = "<group>"; };
		260B42FA18B25DA400ABCC6A /* DAImage.m */ = {isa = PBXFileReference; fileEncoding = 4; lastKnownFileType = sourcecode.c.objc; path = DAImage.m; sourceTree = "<group>"; };
		260B42FC18B260E700ABCC6A /* CoreLocation.framework */ = {isa = PBXFileReference; lastKnownFileType = wrapper.framework; name = CoreLocation.framework; path = System/Library/Frameworks/CoreLocation.framework; sourceTree = SDKROOT; };
		260B42FE18B2647700ABCC6A /* DAAlbum.h */ = {isa = PBXFileReference; fileEncoding = 4; lastKnownFileType = sourcecode.c.h; path = DAAlbum.h; sourceTree = "<group>"; };
		260B42FF18B2647700ABCC6A /* DAAlbum.m */ = {isa = PBXFileReference; fileEncoding = 4; lastKnownFileType = sourcecode.c.objc; path = DAAlbum.m; sourceTree = "<group>"; };
		260B430118B26E4800ABCC6A /* AlbumCell.h */ = {isa = PBXFileReference; fileEncoding = 4; lastKnownFileType = sourcecode.c.h; path = AlbumCell.h; sourceTree = "<group>"; };
		260B430218B26E4800ABCC6A /* AlbumCell.m */ = {isa = PBXFileReference; fileEncoding = 4; lastKnownFileType = sourcecode.c.objc; path = AlbumCell.m; sourceTree = "<group>"; };
		260B430418B26E5D00ABCC6A /* AlbumCell.xib */ = {isa = PBXFileReference; fileEncoding = 4; lastKnownFileType = file.xib; path = AlbumCell.xib; sourceTree = "<group>"; };
		260B430B18B27A4800ABCC6A /* AlbumViewController.h */ = {isa = PBXFileReference; fileEncoding = 4; lastKnownFileType = sourcecode.c.h; path = AlbumViewController.h; sourceTree = "<group>"; };
		260B430C18B27A4800ABCC6A /* AlbumViewController.m */ = {isa = PBXFileReference; fileEncoding = 4; lastKnownFileType = sourcecode.c.objc; path = AlbumViewController.m; sourceTree = "<group>"; };
		260B430D18B27A4800ABCC6A /* AlbumViewController.xib */ = {isa = PBXFileReference; fileEncoding = 4; lastKnownFileType = file.xib; path = AlbumViewController.xib; sourceTree = "<group>"; };
		260B431018B27DE400ABCC6A /* AlbumPageViewController.h */ = {isa = PBXFileReference; fileEncoding = 4; lastKnownFileType = sourcecode.c.h; path = AlbumPageViewController.h; sourceTree = "<group>"; };
		260B431118B27DE400ABCC6A /* AlbumPageViewController.m */ = {isa = PBXFileReference; fileEncoding = 4; lastKnownFileType = sourcecode.c.objc; path = AlbumPageViewController.m; sourceTree = "<group>"; };
		260B431218B27DE400ABCC6A /* AlbumPageViewController.xib */ = {isa = PBXFileReference; fileEncoding = 4; lastKnownFileType = file.xib; path = AlbumPageViewController.xib; sourceTree = "<group>"; };
		262739EA18B3080900441831 /* Images.xcassets */ = {isa = PBXFileReference; lastKnownFileType = folder.assetcatalog; path = Images.xcassets; sourceTree = "<group>"; };
/* End PBXFileReference section */

/* Begin PBXFrameworksBuildPhase section */
		260B42A918B2503300ABCC6A /* Frameworks */ = {
			isa = PBXFrameworksBuildPhase;
			buildActionMask = 2147483647;
			files = (
				260B42B218B2503300ABCC6A /* CoreGraphics.framework in Frameworks */,
				260B42B418B2503300ABCC6A /* UIKit.framework in Frameworks */,
				260B42B018B2503300ABCC6A /* Foundation.framework in Frameworks */,
			);
			runOnlyForDeploymentPostprocessing = 0;
		};
		260B42C418B2503300ABCC6A /* Frameworks */ = {
			isa = PBXFrameworksBuildPhase;
			buildActionMask = 2147483647;
			files = (
				260B42C918B2503300ABCC6A /* XCTest.framework in Frameworks */,
				260B42CB18B2503300ABCC6A /* UIKit.framework in Frameworks */,
				260B42CA18B2503300ABCC6A /* Foundation.framework in Frameworks */,
			);
			runOnlyForDeploymentPostprocessing = 0;
		};
/* End PBXFrameworksBuildPhase section */

/* Begin PBXGroup section */
		2602201F18B3AFD900EBB269 /* Gallery */ = {
			isa = PBXGroup;
			children = (
				2602201A18B3AFBD00EBB269 /* GalleryViewController.h */,
				2602201B18B3AFBD00EBB269 /* GalleryViewController.m */,
				2602201C18B3AFBD00EBB269 /* GalleryViewController.xib */,
				2602202B18B3E3EC00EBB269 /* GalleryFlowLayout.h */,
				2602202C18B3E3EC00EBB269 /* GalleryFlowLayout.m */,
			);
			name = Gallery;
			sourceTree = "<group>";
		};
		2602203818B41BAC00EBB269 /* Picker */ = {
			isa = PBXGroup;
			children = (
				2602203318B41B9D00EBB269 /* AssetPickerViewController.h */,
				2602203418B41B9D00EBB269 /* AssetPickerViewController.m */,
				2602203518B41B9D00EBB269 /* AssetPickerViewController.xib */,
			);
			name = Picker;
			sourceTree = "<group>";
		};
		260B42A318B2503300ABCC6A = {
			isa = PBXGroup;
			children = (
				260B42B518B2503300ABCC6A /* Digital Album */,
				260B42CE18B2503300ABCC6A /* Digital AlbumTests */,
				260B42AE18B2503300ABCC6A /* Frameworks */,
				260B42AD18B2503300ABCC6A /* Products */,
			);
			sourceTree = "<group>";
		};
		260B42AD18B2503300ABCC6A /* Products */ = {
			isa = PBXGroup;
			children = (
				260B42AC18B2503300ABCC6A /* Digital Album.app */,
				260B42C718B2503300ABCC6A /* Digital AlbumTests.xctest */,
			);
			name = Products;
			sourceTree = "<group>";
		};
		260B42AE18B2503300ABCC6A /* Frameworks */ = {
			isa = PBXGroup;
			children = (
				260B42FC18B260E700ABCC6A /* CoreLocation.framework */,
				260B42AF18B2503300ABCC6A /* Foundation.framework */,
				260B42B118B2503300ABCC6A /* CoreGraphics.framework */,
				260B42B318B2503300ABCC6A /* UIKit.framework */,
				260B42C818B2503300ABCC6A /* XCTest.framework */,
			);
			name = Frameworks;
			sourceTree = "<group>";
		};
		260B42B518B2503300ABCC6A /* Digital Album */ = {
			isa = PBXGroup;
			children = (
				260B42BE18B2503300ABCC6A /* AppDelegate.h */,
				260B42BF18B2503300ABCC6A /* AppDelegate.m */,
				260B42DE18B254FC00ABCC6A /* Application */,
				262739EA18B3080900441831 /* Images.xcassets */,
				260B42B618B2503300ABCC6A /* Supporting Files */,
			);
			path = "Digital Album";
			sourceTree = "<group>";
		};
		260B42B618B2503300ABCC6A /* Supporting Files */ = {
			isa = PBXGroup;
			children = (
				260B42B718B2503300ABCC6A /* Digital Album-Info.plist */,
				260B42B818B2503300ABCC6A /* InfoPlist.strings */,
				260B42BB18B2503300ABCC6A /* main.m */,
				260B42BD18B2503300ABCC6A /* Digital Album-Prefix.pch */,
			);
			name = "Supporting Files";
			sourceTree = "<group>";
		};
		260B42CE18B2503300ABCC6A /* Digital AlbumTests */ = {
			isa = PBXGroup;
			children = (
				260B42D418B2503400ABCC6A /* Digital_AlbumTests.m */,
				260B42CF18B2503300ABCC6A /* Supporting Files */,
			);
			path = "Digital AlbumTests";
			sourceTree = "<group>";
		};
		260B42CF18B2503300ABCC6A /* Supporting Files */ = {
			isa = PBXGroup;
			children = (
				260B42D018B2503300ABCC6A /* Digital AlbumTests-Info.plist */,
				260B42D118B2503300ABCC6A /* InfoPlist.strings */,
			);
			name = "Supporting Files";
			sourceTree = "<group>";
		};
		260B42DE18B254FC00ABCC6A /* Application */ = {
			isa = PBXGroup;
			children = (
				260B42E418B254FC00ABCC6A /* Utils */,
				260B42DF18B254FC00ABCC6A /* Albums */,
				2602203818B41BAC00EBB269 /* Picker */,
				2602201F18B3AFD900EBB269 /* Gallery */,
				260B42E118B254FC00ABCC6A /* Models */,
			);
			path = Application;
			sourceTree = "<group>";
		};
		260B42DF18B254FC00ABCC6A /* Albums */ = {
			isa = PBXGroup;
			children = (
				260B42F118B2556700ABCC6A /* AlbumsViewController.h */,
				260B42F218B2556700ABCC6A /* AlbumsViewController.m */,
				260B42F318B2556700ABCC6A /* AlbumsViewController.xib */,
				260B430B18B27A4800ABCC6A /* AlbumViewController.h */,
				260B430C18B27A4800ABCC6A /* AlbumViewController.m */,
				260B430D18B27A4800ABCC6A /* AlbumViewController.xib */,
				260B431018B27DE400ABCC6A /* AlbumPageViewController.h */,
				260B431118B27DE400ABCC6A /* AlbumPageViewController.m */,
				260B431218B27DE400ABCC6A /* AlbumPageViewController.xib */,
				2602202E18B4069C00EBB269 /* NewAlbumViewController.h */,
				2602202F18B4069C00EBB269 /* NewAlbumViewController.m */,
				2602203018B4069C00EBB269 /* NewAlbumViewController.xib */,
			);
			path = Albums;
			sourceTree = "<group>";
		};
		260B42E118B254FC00ABCC6A /* Models */ = {
			isa = PBXGroup;
			children = (
				260B42F618B25C7100ABCC6A /* ImageManager.h */,
				260B42F718B25C7100ABCC6A /* ImageManager.m */,
				260B42FE18B2647700ABCC6A /* DAAlbum.h */,
				260B42FF18B2647700ABCC6A /* DAAlbum.m */,
				260B42F918B25DA400ABCC6A /* DAImage.h */,
				260B42FA18B25DA400ABCC6A /* DAImage.m */,
			);
			path = Models;
			sourceTree = "<group>";
		};
		260B42E418B254FC00ABCC6A /* Utils */ = {
			isa = PBXGroup;
			children = (
				260B42E518B254FC00ABCC6A /* Categories */,
				260B42E718B254FC00ABCC6A /* CustomView */,
				260B42E918B254FC00ABCC6A /* Helpers */,
			);
			path = Utils;
			sourceTree = "<group>";
		};
		260B42E518B254FC00ABCC6A /* Categories */ = {
			isa = PBXGroup;
			children = (
				2602202518B3C84300EBB269 /* UIImageView+AspectSize.h */,
				2602202618B3C84300EBB269 /* UIImageView+AspectSize.m */,
			);
			path = Categories;
			sourceTree = "<group>";
		};
		260B42E718B254FC00ABCC6A /* CustomView */ = {
			isa = PBXGroup;
			children = (
				260B430118B26E4800ABCC6A /* AlbumCell.h */,
				260B430218B26E4800ABCC6A /* AlbumCell.m */,
				260B430418B26E5D00ABCC6A /* AlbumCell.xib */,
				2602202018B3B2CB00EBB269 /* GalleryCell.h */,
				2602202118B3B2CB00EBB269 /* GalleryCell.m */,
				2602202318B3B2D900EBB269 /* GalleryCell.xib */,
			);
			path = CustomView;
			sourceTree = "<group>";
		};
		260B42E918B254FC00ABCC6A /* Helpers */ = {
			isa = PBXGroup;
			children = (
			);
			path = Helpers;
			sourceTree = "<group>";
		};
/* End PBXGroup section */

/* Begin PBXNativeTarget section */
		260B42AB18B2503300ABCC6A /* Digital Album */ = {
			isa = PBXNativeTarget;
			buildConfigurationList = 260B42D818B2503400ABCC6A /* Build configuration list for PBXNativeTarget "Digital Album" */;
			buildPhases = (
				260B42A818B2503300ABCC6A /* Sources */,
				260B42A918B2503300ABCC6A /* Frameworks */,
				260B42AA18B2503300ABCC6A /* Resources */,
			);
			buildRules = (
			);
			dependencies = (
			);
			name = "Digital Album";
			productName = "Digital Album";
			productReference = 260B42AC18B2503300ABCC6A /* Digital Album.app */;
			productType = "com.apple.product-type.application";
		};
		260B42C618B2503300ABCC6A /* Digital AlbumTests */ = {
			isa = PBXNativeTarget;
			buildConfigurationList = 260B42DB18B2503400ABCC6A /* Build configuration list for PBXNativeTarget "Digital AlbumTests" */;
			buildPhases = (
				260B42C318B2503300ABCC6A /* Sources */,
				260B42C418B2503300ABCC6A /* Frameworks */,
				260B42C518B2503300ABCC6A /* Resources */,
			);
			buildRules = (
			);
			dependencies = (
				260B42CD18B2503300ABCC6A /* PBXTargetDependency */,
			);
			name = "Digital AlbumTests";
			productName = "Digital AlbumTests";
			productReference = 260B42C718B2503300ABCC6A /* Digital AlbumTests.xctest */;
			productType = "com.apple.product-type.bundle.unit-test";
		};
/* End PBXNativeTarget section */

/* Begin PBXProject section */
		260B42A418B2503300ABCC6A /* Project object */ = {
			isa = PBXProject;
			attributes = {
				LastUpgradeCheck = 0500;
				ORGANIZATIONNAME = Salarion;
				TargetAttributes = {
					260B42C618B2503300ABCC6A = {
						TestTargetID = 260B42AB18B2503300ABCC6A;
					};
				};
			};
			buildConfigurationList = 260B42A718B2503300ABCC6A /* Build configuration list for PBXProject "Digital Album" */;
			compatibilityVersion = "Xcode 3.2";
			developmentRegion = English;
			hasScannedForEncodings = 0;
			knownRegions = (
				en,
			);
			mainGroup = 260B42A318B2503300ABCC6A;
			productRefGroup = 260B42AD18B2503300ABCC6A /* Products */;
			projectDirPath = "";
			projectRoot = "";
			targets = (
				260B42AB18B2503300ABCC6A /* Digital Album */,
				260B42C618B2503300ABCC6A /* Digital AlbumTests */,
			);
		};
/* End PBXProject section */

/* Begin PBXResourcesBuildPhase section */
		260B42AA18B2503300ABCC6A /* Resources */ = {
			isa = PBXResourcesBuildPhase;
			buildActionMask = 2147483647;
			files = (
				2602202418B3B2D900EBB269 /* GalleryCell.xib in Resources */,
				2602203218B4069C00EBB269 /* NewAlbumViewController.xib in Resources */,
				260B431418B27DE400ABCC6A /* AlbumPageViewController.xib in Resources */,
				260B42BA18B2503300ABCC6A /* InfoPlist.strings in Resources */,
				260B430518B26E5D00ABCC6A /* AlbumCell.xib in Resources */,
				260B42F518B2556700ABCC6A /* AlbumsViewController.xib in Resources */,
				262739EB18B3080900441831 /* Images.xcassets in Resources */,
				2602203718B41B9D00EBB269 /* AssetPickerViewController.xib in Resources */,
				260B430F18B27A4800ABCC6A /* AlbumViewController.xib in Resources */,
				2602201E18B3AFBD00EBB269 /* GalleryViewController.xib in Resources */,
			);
			runOnlyForDeploymentPostprocessing = 0;
		};
		260B42C518B2503300ABCC6A /* Resources */ = {
			isa = PBXResourcesBuildPhase;
			buildActionMask = 2147483647;
			files = (
				260B42D318B2503300ABCC6A /* InfoPlist.strings in Resources */,
			);
			runOnlyForDeploymentPostprocessing = 0;
		};
/* End PBXResourcesBuildPhase section */

/* Begin PBXSourcesBuildPhase section */
		260B42A818B2503300ABCC6A /* Sources */ = {
			isa = PBXSourcesBuildPhase;
			buildActionMask = 2147483647;
			files = (
				260B430E18B27A4800ABCC6A /* AlbumViewController.m in Sources */,
				2602202718B3C84300EBB269 /* UIImageView+AspectSize.m in Sources */,
				260B430018B2647700ABCC6A /* DAAlbum.m in Sources */,
				260B431318B27DE400ABCC6A /* AlbumPageViewController.m in Sources */,
				2602202D18B3E3EC00EBB269 /* GalleryFlowLayout.m in Sources */,
				2602203118B4069C00EBB269 /* NewAlbumViewController.m in Sources */,
				2602203618B41B9D00EBB269 /* AssetPickerViewController.m in Sources */,
				260B430318B26E4800ABCC6A /* AlbumCell.m in Sources */,
				260B42F418B2556700ABCC6A /* AlbumsViewController.m in Sources */,
				260B42FB18B25DA400ABCC6A /* DAImage.m in Sources */,
				260B42C018B2503300ABCC6A /* AppDelegate.m in Sources */,
				2602202218B3B2CB00EBB269 /* GalleryCell.m in Sources */,
				260B42BC18B2503300ABCC6A /* main.m in Sources */,
				260B42F818B25C7100ABCC6A /* ImageManager.m in Sources */,
				2602201D18B3AFBD00EBB269 /* GalleryViewController.m in Sources */,
			);
			runOnlyForDeploymentPostprocessing = 0;
		};
		260B42C318B2503300ABCC6A /* Sources */ = {
			isa = PBXSourcesBuildPhase;
			buildActionMask = 2147483647;
			files = (
				260B42D518B2503400ABCC6A /* Digital_AlbumTests.m in Sources */,
			);
			runOnlyForDeploymentPostprocessing = 0;
		};
/* End PBXSourcesBuildPhase section */

/* Begin PBXTargetDependency section */
		260B42CD18B2503300ABCC6A /* PBXTargetDependency */ = {
			isa = PBXTargetDependency;
			target = 260B42AB18B2503300ABCC6A /* Digital Album */;
			targetProxy = 260B42CC18B2503300ABCC6A /* PBXContainerItemProxy */;
		};
/* End PBXTargetDependency section */

/* Begin PBXVariantGroup section */
		260B42B818B2503300ABCC6A /* InfoPlist.strings */ = {
			isa = PBXVariantGroup;
			children = (
				260B42B918B2503300ABCC6A /* en */,
			);
			name = InfoPlist.strings;
			sourceTree = "<group>";
		};
		260B42D118B2503300ABCC6A /* InfoPlist.strings */ = {
			isa = PBXVariantGroup;
			children = (
				260B42D218B2503300ABCC6A /* en */,
			);
			name = InfoPlist.strings;
			sourceTree = "<group>";
		};
/* End PBXVariantGroup section */

/* Begin XCBuildConfiguration section */
		260B42D618B2503400ABCC6A /* Debug */ = {
			isa = XCBuildConfiguration;
			buildSettings = {
				ALWAYS_SEARCH_USER_PATHS = NO;
				ARCHS = "$(ARCHS_STANDARD_INCLUDING_64_BIT)";
				CLANG_CXX_LANGUAGE_STANDARD = "gnu++0x";
				CLANG_CXX_LIBRARY = "libc++";
				CLANG_ENABLE_MODULES = YES;
				CLANG_ENABLE_OBJC_ARC = YES;
				CLANG_WARN_BOOL_CONVERSION = YES;
				CLANG_WARN_CONSTANT_CONVERSION = YES;
				CLANG_WARN_DIRECT_OBJC_ISA_USAGE = YES_ERROR;
				CLANG_WARN_EMPTY_BODY = YES;
				CLANG_WARN_ENUM_CONVERSION = YES;
				CLANG_WARN_INT_CONVERSION = YES;
				CLANG_WARN_OBJC_ROOT_CLASS = YES_ERROR;
				CLANG_WARN__DUPLICATE_METHOD_MATCH = YES;
				"CODE_SIGN_IDENTITY[sdk=iphoneos*]" = "iPhone Developer";
				COPY_PHASE_STRIP = NO;
				GCC_C_LANGUAGE_STANDARD = gnu99;
				GCC_DYNAMIC_NO_PIC = NO;
				GCC_OPTIMIZATION_LEVEL = 0;
				GCC_PREPROCESSOR_DEFINITIONS = (
					"DEBUG=1",
					"$(inherited)",
				);
				GCC_SYMBOLS_PRIVATE_EXTERN = NO;
				GCC_WARN_64_TO_32_BIT_CONVERSION = YES;
				GCC_WARN_ABOUT_RETURN_TYPE = YES_ERROR;
				GCC_WARN_UNDECLARED_SELECTOR = YES;
				GCC_WARN_UNINITIALIZED_AUTOS = YES;
				GCC_WARN_UNUSED_FUNCTION = YES;
				GCC_WARN_UNUSED_VARIABLE = YES;
				IPHONEOS_DEPLOYMENT_TARGET = 7.0;
				ONLY_ACTIVE_ARCH = YES;
				SDKROOT = iphoneos;
				TARGETED_DEVICE_FAMILY = "1,2";
			};
			name = Debug;
		};
		260B42D718B2503400ABCC6A /* Release */ = {
			isa = XCBuildConfiguration;
			buildSettings = {
				ALWAYS_SEARCH_USER_PATHS = NO;
				ARCHS = "$(ARCHS_STANDARD_INCLUDING_64_BIT)";
				CLANG_CXX_LANGUAGE_STANDARD = "gnu++0x";
				CLANG_CXX_LIBRARY = "libc++";
				CLANG_ENABLE_MODULES = YES;
				CLANG_ENABLE_OBJC_ARC = YES;
				CLANG_WARN_BOOL_CONVERSION = YES;
				CLANG_WARN_CONSTANT_CONVERSION = YES;
				CLANG_WARN_DIRECT_OBJC_ISA_USAGE = YES_ERROR;
				CLANG_WARN_EMPTY_BODY = YES;
				CLANG_WARN_ENUM_CONVERSION = YES;
				CLANG_WARN_INT_CONVERSION = YES;
				CLANG_WARN_OBJC_ROOT_CLASS = YES_ERROR;
				CLANG_WARN__DUPLICATE_METHOD_MATCH = YES;
				"CODE_SIGN_IDENTITY[sdk=iphoneos*]" = "iPhone Developer";
				COPY_PHASE_STRIP = YES;
				ENABLE_NS_ASSERTIONS = NO;
				GCC_C_LANGUAGE_STANDARD = gnu99;
				GCC_WARN_64_TO_32_BIT_CONVERSION = YES;
				GCC_WARN_ABOUT_RETURN_TYPE = YES_ERROR;
				GCC_WARN_UNDECLARED_SELECTOR = YES;
				GCC_WARN_UNINITIALIZED_AUTOS = YES;
				GCC_WARN_UNUSED_FUNCTION = YES;
				GCC_WARN_UNUSED_VARIABLE = YES;
				IPHONEOS_DEPLOYMENT_TARGET = 7.0;
				SDKROOT = iphoneos;
				TARGETED_DEVICE_FAMILY = "1,2";
				VALIDATE_PRODUCT = YES;
			};
			name = Release;
		};
		260B42D918B2503400ABCC6A /* Debug */ = {
			isa = XCBuildConfiguration;
			buildSettings = {
				ASSETCATALOG_COMPILER_APPICON_NAME = AppIcon;
				ASSETCATALOG_COMPILER_LAUNCHIMAGE_NAME = LaunchImage;
				GCC_PRECOMPILE_PREFIX_HEADER = YES;
				GCC_PREFIX_HEADER = "Digital Album/Digital Album-Prefix.pch";
				INFOPLIST_FILE = "Digital Album/Digital Album-Info.plist";
				PRODUCT_NAME = "$(TARGET_NAME)";
				PROVISIONING_PROFILE = "E586A3DF-EB2D-4E49-B0CC-0FAE1E215742";
				WRAPPER_EXTENSION = app;
			};
			name = Debug;
		};
		260B42DA18B2503400ABCC6A /* Release */ = {
			isa = XCBuildConfiguration;
			buildSettings = {
				ASSETCATALOG_COMPILER_APPICON_NAME = AppIcon;
				ASSETCATALOG_COMPILER_LAUNCHIMAGE_NAME = LaunchImage;
				CODE_SIGN_IDENTITY = "iPhone Distribution: Mobile5 Media Limited";
				GCC_PRECOMPILE_PREFIX_HEADER = YES;
				GCC_PREFIX_HEADER = "Digital Album/Digital Album-Prefix.pch";
				INFOPLIST_FILE = "Digital Album/Digital Album-Info.plist";
				PRODUCT_NAME = "$(TARGET_NAME)";
				PROVISIONING_PROFILE = "4F571495-5D61-47AC-AB6C-C0EC512E297D";
				WRAPPER_EXTENSION = app;
			};
			name = Release;
		};
		260B42DC18B2503400ABCC6A /* Debug */ = {
			isa = XCBuildConfiguration;
			buildSettings = {
				ARCHS = "$(ARCHS_STANDARD_INCLUDING_64_BIT)";
				BUNDLE_LOADER = "$(BUILT_PRODUCTS_DIR)/Digital Album.app/Digital Album";
				FRAMEWORK_SEARCH_PATHS = (
					"$(SDKROOT)/Developer/Library/Frameworks",
					"$(inherited)",
					"$(DEVELOPER_FRAMEWORKS_DIR)",
				);
				GCC_PRECOMPILE_PREFIX_HEADER = YES;
				GCC_PREFIX_HEADER = "Digital Album/Digital Album-Prefix.pch";
				GCC_PREPROCESSOR_DEFINITIONS = (
					"DEBUG=1",
					"$(inherited)",
				);
				INFOPLIST_FILE = "Digital AlbumTests/Digital AlbumTests-Info.plist";
				PRODUCT_NAME = "$(TARGET_NAME)";
				TEST_HOST = "$(BUNDLE_LOADER)";
				WRAPPER_EXTENSION = xctest;
			};
			name = Debug;
		};
		260B42DD18B2503400ABCC6A /* Release */ = {
			isa = XCBuildConfiguration;
			buildSettings = {
				ARCHS = "$(ARCHS_STANDARD_INCLUDING_64_BIT)";
				BUNDLE_LOADER = "$(BUILT_PRODUCTS_DIR)/Digital Album.app/Digital Album";
				FRAMEWORK_SEARCH_PATHS = (
					"$(SDKROOT)/Developer/Library/Frameworks",
					"$(inherited)",
					"$(DEVELOPER_FRAMEWORKS_DIR)",
				);
				GCC_PRECOMPILE_PREFIX_HEADER = YES;
				GCC_PREFIX_HEADER = "Digital Album/Digital Album-Prefix.pch";
				INFOPLIST_FILE = "Digital AlbumTests/Digital AlbumTests-Info.plist";
				PRODUCT_NAME = "$(TARGET_NAME)";
				TEST_HOST = "$(BUNDLE_LOADER)";
				WRAPPER_EXTENSION = xctest;
			};
			name = Release;
		};
/* End XCBuildConfiguration section */

/* Begin XCConfigurationList section */
		260B42A718B2503300ABCC6A /* Build configuration list for PBXProject "Digital Album" */ = {
			isa = XCConfigurationList;
			buildConfigurations = (
				260B42D618B2503400ABCC6A /* Debug */,
				260B42D718B2503400ABCC6A /* Release */,
			);
			defaultConfigurationIsVisible = 0;
			defaultConfigurationName = Release;
		};
		260B42D818B2503400ABCC6A /* Build configuration list for PBXNativeTarget "Digital Album" */ = {
			isa = XCConfigurationList;
			buildConfigurations = (
				260B42D918B2503400ABCC6A /* Debug */,
				260B42DA18B2503400ABCC6A /* Release */,
			);
			defaultConfigurationIsVisible = 0;
			defaultConfigurationName = Release;
		};
		260B42DB18B2503400ABCC6A /* Build configuration list for PBXNativeTarget "Digital AlbumTests" */ = {
			isa = XCConfigurationList;
			buildConfigurations = (
				260B42DC18B2503400ABCC6A /* Debug */,
				260B42DD18B2503400ABCC6A /* Release */,
			);
			defaultConfigurationIsVisible = 0;
			defaultConfigurationName = Release;
		};
/* End XCConfigurationList section */
	};
	rootObject = 260B42A418B2503300ABCC6A /* Project object */;
}
