PODS:
  - MMDrawerController (0.5.3):
    - MMDrawerController/Core
    - MMDrawerController/MMDrawerBarButtonItem
    - MMDrawerController/MMDrawerVisualStates
    - MMDrawerController/Subclass
  - MMDrawerController/Core (0.5.3)
  - MMDrawerController/MMDrawerBarButtonItem (0.5.3):
    - MMDrawerController/Core
  - MMDrawerController/MMDrawerVisualStates (0.5.3):
    - MMDrawerController/Core
  - MMDrawerController/Subclass (0.5.3):
    - MMDrawerController/Core

DEPENDENCIES:
  - MMDrawerController (~> 0.5.3)

SPEC CHECKSUMS:
  MMDrawerController: 4445e1927e8947b7e2382136c9b7109840efbfb9

COCOAPODS: 0.28.0
